
Microsoft Visual Studio Solution File, Format Version 12.00
# Visual Studio 14
VisualStudioVersion = 14.0.25420.1
MinimumVisualStudioVersion = 10.0.40219.1
Project("{8BC9CEB8-8B4A-11D0-8D11-00A0C91BC942}") = "SafeStorage", "SafeStorage\SafeStorage.vcxproj", "{23990732-B36B-4E1E-8849-F9C4400C947E}"
EndProject
Project("{8BC9CEB8-8B4A-11D0-8D11-00A0C91BC942}") = "SafeStorageLib", "SafeStorageLib\SafeStorageLib.vcxproj", "{3DAF6FE9-7A39-4C6B-9943-A66CD6274E39}"
EndProject
Global
	GlobalSection(SolutionConfigurationPlatforms) = preSolution
		Debug|x64 = Debug|x64
		Debug|x86 = Debug|x86
		Release|x64 = Release|x64
		Release|x86 = Release|x86
	EndGlobalSection
	GlobalSection(ProjectConfigurationPlatforms) = postSolution
		{23990732-B36B-4E1E-8849-F9C4400C947E}.Debug|x64.ActiveCfg = Debug|x64
		{23990732-B36B-4E1E-8849-F9C4400C947E}.Debug|x64.Build.0 = Debug|x64
		{23990732-B36B-4E1E-8849-F9C4400C947E}.Debug|x86.ActiveCfg = Debug|Win32
		{23990732-B36B-4E1E-8849-F9C4400C947E}.Debug|x86.Build.0 = Debug|Win32
		{23990732-B36B-4E1E-8849-F9C4400C947E}.Release|x64.ActiveCfg = Release|x64
		{23990732-B36B-4E1E-8849-F9C4400C947E}.Release|x64.Build.0 = Release|x64
		{23990732-B36B-4E1E-8849-F9C4400C947E}.Release|x86.ActiveCfg = Release|Win32
		{23990732-B36B-4E1E-8849-F9C4400C947E}.Release|x86.Build.0 = Release|Win32
		{3DAF6FE9-7A39-4C6B-9943-A66CD6274E39}.Debug|x64.ActiveCfg = Debug|x64
		{3DAF6FE9-7A39-4C6B-9943-A66CD6274E39}.Debug|x64.Build.0 = Debug|x64
		{3DAF6FE9-7A39-4C6B-9943-A66CD6274E39}.Debug|x86.ActiveCfg = Debug|Win32
		{3DAF6FE9-7A39-4C6B-9943-A66CD6274E39}.Debug|x86.Build.0 = Debug|Win32
		{3DAF6FE9-7A39-4C6B-9943-A66CD6274E39}.Release|x64.ActiveCfg = Release|x64
		{3DAF6FE9-7A39-4C6B-9943-A66CD6274E39}.Release|x64.Build.0 = Release|x64
		{3DAF6FE9-7A39-4C6B-9943-A66CD6274E39}.Release|x86.ActiveCfg = Release|Win32
		{3DAF6FE9-7A39-4C6B-9943-A66CD6274E39}.Release|x86.Build.0 = Release|Win32
	EndGlobalSection
	GlobalSection(SolutionProperties) = preSolution
		HideSolutionNode = FALSE
	EndGlobalSection
EndGlobal
